
Microsoft Visual Studio Solution File, Format Version 12.00
Project("{FAE04EC0-301F-11D3-BF4B-00C04F79EFBC}") = "InventorySystem", "InventorySystem\InventorySystem.csproj", "{E9682DC6-4E74-4EA5-A0BE-04073EFDEB98}"
EndProject
Project("{FAE04EC0-301F-11D3-BF4B-00C04F79EFBC}") = "InventorySystem.Tests", "InventorySystem.Tests\InventorySystem.Tests.csproj", "{9EE94CC8-98D6-4EB5-A64C-2F9207E461F2}"
EndProject
Project("{FAE04EC0-301F-11D3-BF4B-00C04F79EFBC}") = "InventorySystem.Abstractions", "InventorySystem.Abstractions\InventorySystem.Abstractions.csproj", "{BFC3BD1D-92F0-42B6-982C-25ADFC477C97}"
EndProject
Global
	GlobalSection(SolutionConfigurationPlatforms) = preSolution
		Debug|Any CPU = Debug|Any CPU
		Release|Any CPU = Release|Any CPU
	EndGlobalSection
	GlobalSection(ProjectConfigurationPlatforms) = postSolution
		{E9682DC6-4E74-4EA5-A0BE-04073EFDEB98}.Debug|Any CPU.ActiveCfg = Debug|Any CPU
		{E9682DC6-4E74-4EA5-A0BE-04073EFDEB98}.Debug|Any CPU.Build.0 = Debug|Any CPU
		{E9682DC6-4E74-4EA5-A0BE-04073EFDEB98}.Release|Any CPU.ActiveCfg = Release|Any CPU
		{E9682DC6-4E74-4EA5-A0BE-04073EFDEB98}.Release|Any CPU.Build.0 = Release|Any CPU
		{9EE94CC8-98D6-4EB5-A64C-2F9207E461F2}.Debug|Any CPU.ActiveCfg = Debug|Any CPU
		{9EE94CC8-98D6-4EB5-A64C-2F9207E461F2}.Debug|Any CPU.Build.0 = Debug|Any CPU
		{9EE94CC8-98D6-4EB5-A64C-2F9207E461F2}.Release|Any CPU.ActiveCfg = Release|Any CPU
		{9EE94CC8-98D6-4EB5-A64C-2F9207E461F2}.Release|Any CPU.Build.0 = Release|Any CPU
		{BFC3BD1D-92F0-42B6-982C-25ADFC477C97}.Debug|Any CPU.ActiveCfg = Debug|Any CPU
		{BFC3BD1D-92F0-42B6-982C-25ADFC477C97}.Debug|Any CPU.Build.0 = Debug|Any CPU
		{BFC3BD1D-92F0-42B6-982C-25ADFC477C97}.Release|Any CPU.ActiveCfg = Release|Any CPU
		{BFC3BD1D-92F0-42B6-982C-25ADFC477C97}.Release|Any CPU.Build.0 = Release|Any CPU
	EndGlobalSection
EndGlobal
